// !$*UTF8*$!
{
	archiveVersion = 1;
	classes = {
	};
	objectVersion = 56;
	objects = {

/* Begin PBXBuildFile section */
		5B7F17952C36F3B9002563C4 /* AppDelegate.swift in Sources */ = {isa = PBXBuildFile; fileRef = 5B7F17942C36F3B9002563C4 /* AppDelegate.swift */; };
		5B7F17972C36F3B9002563C4 /* SceneDelegate.swift in Sources */ = {isa = PBXBuildFile; fileRef = 5B7F17962C36F3B9002563C4 /* SceneDelegate.swift */; };
		5B7F179C2C36F3B9002563C4 /* Main.storyboard in Resources */ = {isa = PBXBuildFile; fileRef = 5B7F179A2C36F3B9002563C4 /* Main.storyboard */; };
		5B7F179E2C36F3BB002563C4 /* Assets.xcassets in Resources */ = {isa = PBXBuildFile; fileRef = 5B7F179D2C36F3BB002563C4 /* Assets.xcassets */; };
		5B7F17A12C36F3BB002563C4 /* LaunchScreen.storyboard in Resources */ = {isa = PBXBuildFile; fileRef = 5B7F179F2C36F3BB002563C4 /* LaunchScreen.storyboard */; };
		5B7F17AA2C36F4B3002563C4 /* ImageModel.swift in Sources */ = {isa = PBXBuildFile; fileRef = 5B7F17A92C36F4B3002563C4 /* ImageModel.swift */; };
		5B7F17AD2C36F4DF002563C4 /* ListItemModel.swift in Sources */ = {isa = PBXBuildFile; fileRef = 5B7F17AC2C36F4DF002563C4 /* ListItemModel.swift */; };
		5B7F17B02C36F61F002563C4 /* CarouselViewModel.swift in Sources */ = {isa = PBXBuildFile; fileRef = 5B7F17AF2C36F61F002563C4 /* CarouselViewModel.swift */; };
		5B7F17B22C36F659002563C4 /* ListViewModel.swift in Sources */ = {isa = PBXBuildFile; fileRef = 5B7F17B12C36F659002563C4 /* ListViewModel.swift */; };
		5B7F17BA2C36FA90002563C4 /* ListTableViewCell.swift in Sources */ = {isa = PBXBuildFile; fileRef = 5B7F17B92C36FA90002563C4 /* ListTableViewCell.swift */; };
		5B7F17BC2C36FAD7002563C4 /* CarouselCollectionViewCell.swift in Sources */ = {isa = PBXBuildFile; fileRef = 5B7F17BB2C36FAD7002563C4 /* CarouselCollectionViewCell.swift */; };
		5B7F17BD2C3700BA002563C4 /* HomeViewController.swift in Sources */ = {isa = PBXBuildFile; fileRef = 5B7F17982C36F3B9002563C4 /* HomeViewController.swift */; };
		5B7F17C22C382731002563C4 /* NetworkLayer.swift in Sources */ = {isa = PBXBuildFile; fileRef = 5B7F17C12C382731002563C4 /* NetworkLayer.swift */; };
		5B7F17C42C382776002563C4 /* APIService.swift in Sources */ = {isa = PBXBuildFile; fileRef = 5B7F17C32C382776002563C4 /* APIService.swift */; };
/* End PBXBuildFile section */

/* Begin PBXFileReference section */
		5B7F17912C36F3B9002563C4 /* scriptBH.app */ = {isa = PBXFileReference; explicitFileType = wrapper.application; includeInIndex = 0; path = scriptBH.app; sourceTree = BUILT_PRODUCTS_DIR; };
		5B7F17942C36F3B9002563C4 /* AppDelegate.swift */ = {isa = PBXFileReference; lastKnownFileType = sourcecode.swift; path = AppDelegate.swift; sourceTree = "<group>"; };
		5B7F17962C36F3B9002563C4 /* SceneDelegate.swift */ = {isa = PBXFileReference; lastKnownFileType = sourcecode.swift; path = SceneDelegate.swift; sourceTree = "<group>"; };
		5B7F17982C36F3B9002563C4 /* HomeViewController.swift */ = {isa = PBXFileReference; lastKnownFileType = sourcecode.swift; path = HomeViewController.swift; sourceTree = "<group>"; };
		5B7F179B2C36F3B9002563C4 /* Base */ = {isa = PBXFileReference; lastKnownFileType = file.storyboard; name = Base; path = Base.lproj/Main.storyboard; sourceTree = "<group>"; };
		5B7F179D2C36F3BB002563C4 /* Assets.xcassets */ = {isa = PBXFileReference; lastKnownFileType = folder.assetcatalog; path = Assets.xcassets; sourceTree = "<group>"; };
		5B7F17A02C36F3BB002563C4 /* Base */ = {isa = PBXFileReference; lastKnownFileType = file.storyboard; name = Base; path = Base.lproj/LaunchScreen.storyboard; sourceTree = "<group>"; };
		5B7F17A22C36F3BB002563C4 /* Info.plist */ = {isa = PBXFileReference; lastKnownFileType = text.plist.xml; path = Info.plist; sourceTree = "<group>"; };
		5B7F17A92C36F4B3002563C4 /* ImageModel.swift */ = {isa = PBXFileReference; lastKnownFileType = sourcecode.swift; path = ImageModel.swift; sourceTree = "<group>"; };
		5B7F17AC2C36F4DF002563C4 /* ListItemModel.swift */ = {isa = PBXFileReference; lastKnownFileType = sourcecode.swift; path = ListItemModel.swift; sourceTree = "<group>"; };
		5B7F17AF2C36F61F002563C4 /* CarouselViewModel.swift */ = {isa = PBXFileReference; lastKnownFileType = sourcecode.swift; path = CarouselViewModel.swift; sourceTree = "<group>"; };
		5B7F17B12C36F659002563C4 /* ListViewModel.swift */ = {isa = PBXFileReference; lastKnownFileType = sourcecode.swift; path = ListViewModel.swift; sourceTree = "<group>"; };
		5B7F17B92C36FA90002563C4 /* ListTableViewCell.swift */ = {isa = PBXFileReference; lastKnownFileType = sourcecode.swift; path = ListTableViewCell.swift; sourceTree = "<group>"; };
		5B7F17BB2C36FAD7002563C4 /* CarouselCollectionViewCell.swift */ = {isa = PBXFileReference; lastKnownFileType = sourcecode.swift; path = CarouselCollectionViewCell.swift; sourceTree = "<group>"; };
		5B7F17C12C382731002563C4 /* NetworkLayer.swift */ = {isa = PBXFileReference; lastKnownFileType = sourcecode.swift; path = NetworkLayer.swift; sourceTree = "<group>"; };
		5B7F17C32C382776002563C4 /* APIService.swift */ = {isa = PBXFileReference; lastKnownFileType = sourcecode.swift; path = APIService.swift; sourceTree = "<group>"; };
/* End PBXFileReference section */

/* Begin PBXFrameworksBuildPhase section */
		5B7F178E2C36F3B9002563C4 /* Frameworks */ = {
			isa = PBXFrameworksBuildPhase;
			buildActionMask = 2147483647;
			files = (
			);
			runOnlyForDeploymentPostprocessing = 0;
		};
/* End PBXFrameworksBuildPhase section */

/* Begin PBXGroup section */
		5B7F17882C36F3B9002563C4 = {
			isa = PBXGroup;
			children = (
				5B7F17932C36F3B9002563C4 /* scriptBH */,
				5B7F17922C36F3B9002563C4 /* Products */,
			);
			sourceTree = "<group>";
		};
		5B7F17922C36F3B9002563C4 /* Products */ = {
			isa = PBXGroup;
			children = (
				5B7F17912C36F3B9002563C4 /* scriptBH.app */,
			);
			name = Products;
			sourceTree = "<group>";
		};
		5B7F17932C36F3B9002563C4 /* scriptBH */ = {
			isa = PBXGroup;
			children = (
				5B7F17942C36F3B9002563C4 /* AppDelegate.swift */,
				5B7F17962C36F3B9002563C4 /* SceneDelegate.swift */,
				5B7F17AB2C36F4B9002563C4 /* Models */,
				5B7F17A82C36F434002563C4 /* View */,
				5B7F17AE2C36F60A002563C4 /* ViewModels */,
				5B7F17C02C38271C002563C4 /* Network */,
				5B7F179A2C36F3B9002563C4 /* Main.storyboard */,
				5B7F179D2C36F3BB002563C4 /* Assets.xcassets */,
				5B7F179F2C36F3BB002563C4 /* LaunchScreen.storyboard */,
				5B7F17A22C36F3BB002563C4 /* Info.plist */,
			);
			path = scriptBH;
			sourceTree = "<group>";
		};
		5B7F17A82C36F434002563C4 /* View */ = {
			isa = PBXGroup;
			children = (
				5B7F17B52C36F7A7002563C4 /* Home */,
			);
			path = View;
			sourceTree = "<group>";
		};
		5B7F17AB2C36F4B9002563C4 /* Models */ = {
			isa = PBXGroup;
			children = (
				5B7F17A92C36F4B3002563C4 /* ImageModel.swift */,
				5B7F17AC2C36F4DF002563C4 /* ListItemModel.swift */,
			);
			path = Models;
			sourceTree = "<group>";
		};
		5B7F17AE2C36F60A002563C4 /* ViewModels */ = {
			isa = PBXGroup;
			children = (
				5B7F17B12C36F659002563C4 /* ListViewModel.swift */,
				5B7F17AF2C36F61F002563C4 /* CarouselViewModel.swift */,
			);
			path = ViewModels;
			sourceTree = "<group>";
		};
		5B7F17B52C36F7A7002563C4 /* Home */ = {
			isa = PBXGroup;
			children = (
				5B7F17982C36F3B9002563C4 /* HomeViewController.swift */,
				5B7F17B62C36F7BB002563C4 /* Cells */,
			);
			path = Home;
			sourceTree = "<group>";
		};
		5B7F17B62C36F7BB002563C4 /* Cells */ = {
			isa = PBXGroup;
			children = (
				5B7F17BB2C36FAD7002563C4 /* CarouselCollectionViewCell.swift */,
				5B7F17B92C36FA90002563C4 /* ListTableViewCell.swift */,
			);
			path = Cells;
			sourceTree = "<group>";
		};
		5B7F17C02C38271C002563C4 /* Network */ = {
			isa = PBXGroup;
			children = (
				5B7F17C12C382731002563C4 /* NetworkLayer.swift */,
				5B7F17C32C382776002563C4 /* APIService.swift */,
			);
			path = Network;
			sourceTree = "<group>";
		};
/* End PBXGroup section */

/* Begin PBXNativeTarget section */
		5B7F17902C36F3B9002563C4 /* scriptBH */ = {
			isa = PBXNativeTarget;
			buildConfigurationList = 5B7F17A52C36F3BB002563C4 /* Build configuration list for PBXNativeTarget "scriptBH" */;
			buildPhases = (
				5B7F178D2C36F3B9002563C4 /* Sources */,
				5B7F178E2C36F3B9002563C4 /* Frameworks */,
				5B7F178F2C36F3B9002563C4 /* Resources */,
			);
			buildRules = (
			);
			dependencies = (
			);
			name = scriptBH;
			productName = scriptBH;
			productReference = 5B7F17912C36F3B9002563C4 /* scriptBH.app */;
			productType = "com.apple.product-type.application";
		};
/* End PBXNativeTarget section */

/* Begin PBXProject section */
		5B7F17892C36F3B9002563C4 /* Project object */ = {
			isa = PBXProject;
			attributes = {
				BuildIndependentTargetsInParallel = 1;
				LastSwiftUpdateCheck = 1500;
				LastUpgradeCheck = 1500;
				TargetAttributes = {
					5B7F17902C36F3B9002563C4 = {
						CreatedOnToolsVersion = 15.0;
					};
				};
			};
			buildConfigurationList = 5B7F178C2C36F3B9002563C4 /* Build configuration list for PBXProject "scriptBH" */;
			compatibilityVersion = "Xcode 14.0";
			developmentRegion = en;
			hasScannedForEncodings = 0;
			knownRegions = (
				en,
				Base,
			);
			mainGroup = 5B7F17882C36F3B9002563C4;
			productRefGroup = 5B7F17922C36F3B9002563C4 /* Products */;
			projectDirPath = "";
			projectRoot = "";
			targets = (
				5B7F17902C36F3B9002563C4 /* scriptBH */,
			);
		};
/* End PBXProject section */

/* Begin PBXResourcesBuildPhase section */
		5B7F178F2C36F3B9002563C4 /* Resources */ = {
			isa = PBXResourcesBuildPhase;
			buildActionMask = 2147483647;
			files = (
				5B7F17A12C36F3BB002563C4 /* LaunchScreen.storyboard in Resources */,
				5B7F179E2C36F3BB002563C4 /* Assets.xcassets in Resources */,
				5B7F179C2C36F3B9002563C4 /* Main.storyboard in Resources */,
			);
			runOnlyForDeploymentPostprocessing = 0;
		};
/* End PBXResourcesBuildPhase section */

/* Begin PBXSourcesBuildPhase section */
		5B7F178D2C36F3B9002563C4 /* Sources */ = {
			isa = PBXSourcesBuildPhase;
			buildActionMask = 2147483647;
			files = (
				5B7F17BA2C36FA90002563C4 /* ListTableViewCell.swift in Sources */,
				5B7F17BC2C36FAD7002563C4 /* CarouselCollectionViewCell.swift in Sources */,
				5B7F17AD2C36F4DF002563C4 /* ListItemModel.swift in Sources */,
				5B7F17952C36F3B9002563C4 /* AppDelegate.swift in Sources */,
				5B7F17C42C382776002563C4 /* APIService.swift in Sources */,
				5B7F17B22C36F659002563C4 /* ListViewModel.swift in Sources */,
				5B7F17BD2C3700BA002563C4 /* HomeViewController.swift in Sources */,
				5B7F17972C36F3B9002563C4 /* SceneDelegate.swift in Sources */,
				5B7F17B02C36F61F002563C4 /* CarouselViewModel.swift in Sources */,
				5B7F17C22C382731002563C4 /* NetworkLayer.swift in Sources */,
				5B7F17AA2C36F4B3002563C4 /* ImageModel.swift in Sources */,
			);
			runOnlyForDeploymentPostprocessing = 0;
		};
/* End PBXSourcesBuildPhase section */

/* Begin PBXVariantGroup section */
		5B7F179A2C36F3B9002563C4 /* Main.storyboard */ = {
			isa = PBXVariantGroup;
			children = (
				5B7F179B2C36F3B9002563C4 /* Base */,
			);
			name = Main.storyboard;
			sourceTree = "<group>";
		};
		5B7F179F2C36F3BB002563C4 /* LaunchScreen.storyboard */ = {
			isa = PBXVariantGroup;
			children = (
				5B7F17A02C36F3BB002563C4 /* Base */,
			);
			name = LaunchScreen.storyboard;
			sourceTree = "<group>";
		};
/* End PBXVariantGroup section */

/* Begin XCBuildConfiguration section */
		5B7F17A32C36F3BB002563C4 /* Debug */ = {
			isa = XCBuildConfiguration;
			buildSettings = {
				ALWAYS_SEARCH_USER_PATHS = NO;
				ASSETCATALOG_COMPILER_GENERATE_SWIFT_ASSET_SYMBOL_EXTENSIONS = YES;
				CLANG_ANALYZER_NONNULL = YES;
				CLANG_ANALYZER_NUMBER_OBJECT_CONVERSION = YES_AGGRESSIVE;
				CLANG_CXX_LANGUAGE_STANDARD = "gnu++20";
				CLANG_ENABLE_MODULES = YES;
				CLANG_ENABLE_OBJC_ARC = YES;
				CLANG_ENABLE_OBJC_WEAK = YES;
				CLANG_WARN_BLOCK_CAPTURE_AUTORELEASING = YES;
				CLANG_WARN_BOOL_CONVERSION = YES;
				CLANG_WARN_COMMA = YES;
				CLANG_WARN_CONSTANT_CONVERSION = YES;
				CLANG_WARN_DEPRECATED_OBJC_IMPLEMENTATIONS = YES;
				CLANG_WARN_DIRECT_OBJC_ISA_USAGE = YES_ERROR;
				CLANG_WARN_DOCUMENTATION_COMMENTS = YES;
				CLANG_WARN_EMPTY_BODY = YES;
				CLANG_WARN_ENUM_CONVERSION = YES;
				CLANG_WARN_INFINITE_RECURSION = YES;
				CLANG_WARN_INT_CONVERSION = YES;
				CLANG_WARN_NON_LITERAL_NULL_CONVERSION = YES;
				CLANG_WARN_OBJC_IMPLICIT_RETAIN_SELF = YES;
				CLANG_WARN_OBJC_LITERAL_CONVERSION = YES;
				CLANG_WARN_OBJC_ROOT_CLASS = YES_ERROR;
				CLANG_WARN_QUOTED_INCLUDE_IN_FRAMEWORK_HEADER = YES;
				CLANG_WARN_RANGE_LOOP_ANALYSIS = YES;
				CLANG_WARN_STRICT_PROTOTYPES = YES;
				CLANG_WARN_SUSPICIOUS_MOVE = YES;
				CLANG_WARN_UNGUARDED_AVAILABILITY = YES_AGGRESSIVE;
				CLANG_WARN_UNREACHABLE_CODE = YES;
				CLANG_WARN__DUPLICATE_METHOD_MATCH = YES;
				COPY_PHASE_STRIP = NO;
				DEBUG_INFORMATION_FORMAT = dwarf;
				ENABLE_STRICT_OBJC_MSGSEND = YES;
				ENABLE_TESTABILITY = YES;
				ENABLE_USER_SCRIPT_SANDBOXING = YES;
				GCC_C_LANGUAGE_STANDARD = gnu17;
				GCC_DYNAMIC_NO_PIC = NO;
				GCC_NO_COMMON_BLOCKS = YES;
				GCC_OPTIMIZATION_LEVEL = 0;
				GCC_PREPROCESSOR_DEFINITIONS = (
					"DEBUG=1",
					"$(inherited)",
				);
				GCC_WARN_64_TO_32_BIT_CONVERSION = YES;
				GCC_WARN_ABOUT_RETURN_TYPE = YES_ERROR;
				GCC_WARN_UNDECLARED_SELECTOR = YES;
				GCC_WARN_UNINITIALIZED_AUTOS = YES_AGGRESSIVE;
				GCC_WARN_UNUSED_FUNCTION = YES;
				GCC_WARN_UNUSED_VARIABLE = YES;
				IPHONEOS_DEPLOYMENT_TARGET = 17.0;
				LOCALIZATION_PREFERS_STRING_CATALOGS = YES;
				MTL_ENABLE_DEBUG_INFO = INCLUDE_SOURCE;
				MTL_FAST_MATH = YES;
				ONLY_ACTIVE_ARCH = YES;
				SDKROOT = iphoneos;
				SWIFT_ACTIVE_COMPILATION_CONDITIONS = "DEBUG $(inherited)";
				SWIFT_OPTIMIZATION_LEVEL = "-Onone";
			};
			name = Debug;
		};
		5B7F17A42C36F3BB002563C4 /* Release */ = {
			isa = XCBuildConfiguration;
			buildSettings = {
				ALWAYS_SEARCH_USER_PATHS = NO;
				ASSETCATALOG_COMPILER_GENERATE_SWIFT_ASSET_SYMBOL_EXTENSIONS = YES;
				CLANG_ANALYZER_NONNULL = YES;
				CLANG_ANALYZER_NUMBER_OBJECT_CONVERSION = YES_AGGRESSIVE;
				CLANG_CXX_LANGUAGE_STANDARD = "gnu++20";
				CLANG_ENABLE_MODULES = YES;
				CLANG_ENABLE_OBJC_ARC = YES;
				CLANG_ENABLE_OBJC_WEAK = YES;
				CLANG_WARN_BLOCK_CAPTURE_AUTORELEASING = YES;
				CLANG_WARN_BOOL_CONVERSION = YES;
				CLANG_WARN_COMMA = YES;
				CLANG_WARN_CONSTANT_CONVERSION = YES;
				CLANG_WARN_DEPRECATED_OBJC_IMPLEMENTATIONS = YES;
				CLANG_WARN_DIRECT_OBJC_ISA_USAGE = YES_ERROR;
				CLANG_WARN_DOCUMENTATION_COMMENTS = YES;
				CLANG_WARN_EMPTY_BODY = YES;
				CLANG_WARN_ENUM_CONVERSION = YES;
				CLANG_WARN_INFINITE_RECURSION = YES;
				CLANG_WARN_INT_CONVERSION = YES;
				CLANG_WARN_NON_LITERAL_NULL_CONVERSION = YES;
				CLANG_WARN_OBJC_IMPLICIT_RETAIN_SELF = YES;
				CLANG_WARN_OBJC_LITERAL_CONVERSION = YES;
				CLANG_WARN_OBJC_ROOT_CLASS = YES_ERROR;
				CLANG_WARN_QUOTED_INCLUDE_IN_FRAMEWORK_HEADER = YES;
				CLANG_WARN_RANGE_LOOP_ANALYSIS = YES;
				CLANG_WARN_STRICT_PROTOTYPES = YES;
				CLANG_WARN_SUSPICIOUS_MOVE = YES;
				CLANG_WARN_UNGUARDED_AVAILABILITY = YES_AGGRESSIVE;
				CLANG_WARN_UNREACHABLE_CODE = YES;
				CLANG_WARN__DUPLICATE_METHOD_MATCH = YES;
				COPY_PHASE_STRIP = NO;
				DEBUG_INFORMATION_FORMAT = "dwarf-with-dsym";
				ENABLE_NS_ASSERTIONS = NO;
				ENABLE_STRICT_OBJC_MSGSEND = YES;
				ENABLE_USER_SCRIPT_SANDBOXING = YES;
				GCC_C_LANGUAGE_STANDARD = gnu17;
				GCC_NO_COMMON_BLOCKS = YES;
				GCC_WARN_64_TO_32_BIT_CONVERSION = YES;
				GCC_WARN_ABOUT_RETURN_TYPE = YES_ERROR;
				GCC_WARN_UNDECLARED_SELECTOR = YES;
				GCC_WARN_UNINITIALIZED_AUTOS = YES_AGGRESSIVE;
				GCC_WARN_UNUSED_FUNCTION = YES;
				GCC_WARN_UNUSED_VARIABLE = YES;
				IPHONEOS_DEPLOYMENT_TARGET = 17.0;
				LOCALIZATION_PREFERS_STRING_CATALOGS = YES;
				MTL_ENABLE_DEBUG_INFO = NO;
				MTL_FAST_MATH = YES;
				SDKROOT = iphoneos;
				SWIFT_COMPILATION_MODE = wholemodule;
				VALIDATE_PRODUCT = YES;
			};
			name = Release;
		};
		5B7F17A62C36F3BB002563C4 /* Debug */ = {
			isa = XCBuildConfiguration;
			buildSettings = {
				ASSETCATALOG_COMPILER_APPICON_NAME = AppIcon;
				ASSETCATALOG_COMPILER_GLOBAL_ACCENT_COLOR_NAME = AccentColor;
				CODE_SIGN_STYLE = Automatic;
				CURRENT_PROJECT_VERSION = 1;
				DEVELOPMENT_TEAM = Z346N57LXM;
				GENERATE_INFOPLIST_FILE = YES;
				INFOPLIST_FILE = scriptBH/Info.plist;
				INFOPLIST_KEY_UIApplicationSupportsIndirectInputEvents = YES;
				INFOPLIST_KEY_UILaunchStoryboardName = LaunchScreen;
				INFOPLIST_KEY_UIMainStoryboardFile = Main;
				INFOPLIST_KEY_UISupportedInterfaceOrientations_iPad = "UIInterfaceOrientationPortrait UIInterfaceOrientationPortraitUpsideDown UIInterfaceOrientationLandscapeLeft UIInterfaceOrientationLandscapeRight";
				INFOPLIST_KEY_UISupportedInterfaceOrientations_iPhone = "UIInterfaceOrientationPortrait UIInterfaceOrientationLandscapeLeft UIInterfaceOrientationLandscapeRight";
				LD_RUNPATH_SEARCH_PATHS = (
					"$(inherited)",
					"@executable_path/Frameworks",
				);
				MARKETING_VERSION = 1.0;
				PRODUCT_BUNDLE_IDENTIFIER = Task.scriptBH;
				PRODUCT_NAME = "$(TARGET_NAME)";
				SWIFT_EMIT_LOC_STRINGS = YES;
				SWIFT_VERSION = 5.0;
				TARGETED_DEVICE_FAMILY = "1,2";
			};
			name = Debug;
		};
		5B7F17A72C36F3BB002563C4 /* Release */ = {
			isa = XCBuildConfiguration;
			buildSettings = {
				ASSETCATALOG_COMPILER_APPICON_NAME = AppIcon;
				ASSETCATALOG_COMPILER_GLOBAL_ACCENT_COLOR_NAME = AccentColor;
				CODE_SIGN_STYLE = Automatic;
				CURRENT_PROJECT_VERSION = 1;
				DEVELOPMENT_TEAM = Z346N57LXM;
				GENERATE_INFOPLIST_FILE = YES;
				INFOPLIST_FILE = scriptBH/Info.plist;
				INFOPLIST_KEY_UIApplicationSupportsIndirectInputEvents = YES;
				INFOPLIST_KEY_UILaunchStoryboardName = LaunchScreen;
				INFOPLIST_KEY_UIMainStoryboardFile = Main;
				INFOPLIST_KEY_UISupportedInterfaceOrientations_iPad = "UIInterfaceOrientationPortrait UIInterfaceOrientationPortraitUpsideDown UIInterfaceOrientationLandscapeLeft UIInterfaceOrientationLandscapeRight";
				INFOPLIST_KEY_UISupportedInterfaceOrientations_iPhone = "UIInterfaceOrientationPortrait UIInterfaceOrientationLandscapeLeft UIInterfaceOrientationLandscapeRight";
				LD_RUNPATH_SEARCH_PATHS = (
					"$(inherited)",
					"@executable_path/Frameworks",
				);
				MARKETING_VERSION = 1.0;
				PRODUCT_BUNDLE_IDENTIFIER = Task.scriptBH;
				PRODUCT_NAME = "$(TARGET_NAME)";
				SWIFT_EMIT_LOC_STRINGS = YES;
				SWIFT_VERSION = 5.0;
				TARGETED_DEVICE_FAMILY = "1,2";
			};
			name = Release;
		};
/* End XCBuildConfiguration section */

/* Begin XCConfigurationList section */
		5B7F178C2C36F3B9002563C4 /* Build configuration list for PBXProject "scriptBH" */ = {
			isa = XCConfigurationList;
			buildConfigurations = (
				5B7F17A32C36F3BB002563C4 /* Debug */,
				5B7F17A42C36F3BB002563C4 /* Release */,
			);
			defaultConfigurationIsVisible = 0;
			defaultConfigurationName = Release;
		};
		5B7F17A52C36F3BB002563C4 /* Build configuration list for PBXNativeTarget "scriptBH" */ = {
			isa = XCConfigurationList;
			buildConfigurations = (
				5B7F17A62C36F3BB002563C4 /* Debug */,
				5B7F17A72C36F3BB002563C4 /* Release */,
			);
			defaultConfigurationIsVisible = 0;
			defaultConfigurationName = Release;
		};
/* End XCConfigurationList section */
	};
	rootObject = 5B7F17892C36F3B9002563C4 /* Project object */;
}
